
Microsoft Visual Studio Solution File, Format Version 12.00
# Visual Studio Version 16
VisualStudioVersion = 16.0.28711.60
MinimumVisualStudioVersion = 10.0.40219.1
Project("{FAE04EC0-301F-11D3-BF4B-00C04F79EFBC}") = "Exercícios1", "Exercícios1\Exercícios1.csproj", "{C606175B-7F6C-41A1-BDB5-3687D611EABE}"
EndProject
Global
	GlobalSection(SolutionConfigurationPlatforms) = preSolution
		Debug|Any CPU = Debug|Any CPU
		Release|Any CPU = Release|Any CPU
	EndGlobalSection
	GlobalSection(ProjectConfigurationPlatforms) = postSolution
		{C606175B-7F6C-41A1-BDB5-3687D611EABE}.Debug|Any CPU.ActiveCfg = Debug|Any CPU
		{C606175B-7F6C-41A1-BDB5-3687D611EABE}.Debug|Any CPU.Build.0 = Debug|Any CPU
		{C606175B-7F6C-41A1-BDB5-3687D611EABE}.Release|Any CPU.ActiveCfg = Release|Any CPU
		{C606175B-7F6C-41A1-BDB5-3687D611EABE}.Release|Any CPU.Build.0 = Release|Any CPU
	EndGlobalSection
	GlobalSection(SolutionProperties) = preSolution
		HideSolutionNode = FALSE
	EndGlobalSection
	GlobalSection(ExtensibilityGlobals) = postSolution
		SolutionGuid = {EE7FAE7A-ED75-4E06-B17F-EF33C273EBE6}
	EndGlobalSection
EndGlobal
